github.com/imfing/hextra v0.7.3 h1:dVGA1NTcWe+FaUMdrawEypPfrrmulq5NoK0we3nC330=
github.com/imfing/hextra v0.7.3/go.mod h1:cEfel3lU/bSx7lTE/+uuR4GJaphyOyiwNR3PTqFTXpI=
github.com/imfing/hextra v0.8.2 h1:/IykSIAywgKfhKUBgAW+dCCjrJWJNny4jr9qvdXfch0=
github.com/imfing/hextra v0.8.2/go.mod h1:cEfel3lU/bSx7lTE/+uuR4GJaphyOyiwNR3PTqFTXpI=
