github.com/FortAwesome/Font-Awesome v0.0.0-20210804190922-7d3d774145ac h1:AjwgwoaDsNEA1Wtc8pgw/BqG7SEk9bKxXPjEPQQ42vY=
github.com/FortAwesome/Font-Awesome v0.0.0-20210804190922-7d3d774145ac/go.mod h1:IUgezN/MFpCDIlFezw3L8j83oeiIuYoj28Miwr/KUYo=
github.com/FortAwesome/Font-Awesome v0.0.0-20220831210243-d3a7818c253f/go.mod h1:IUgezN/MFpCDIlFezw3L8j83oeiIuYoj28Miwr/KUYo=
github.com/LNA-DEV/PrivateDocsy v0.0.2 h1:6hs+i3x7xebEmujUTh5uAHHUtPWYr7z3Af6UORd54ns=
github.com/LNA-DEV/PrivateDocsy v0.0.2/go.mod h1:J0qA8OICk93LEWit1sCNp/kUEqv5fp9c1exMXJrqQGE=
github.com/LNA-DEV/PrivateDocsy v0.0.3/go.mod h1:JnJljNnmz8EAV+bo+CuaXFjNvrZ6csDC4TgSUefzcZ8=
github.com/LNA-DEV/PrivateDocsy v0.0.4/go.mod h1:JnJljNnmz8EAV+bo+CuaXFjNvrZ6csDC4TgSUefzcZ8=
github.com/LNA-DEV/PrivateDocsy v0.0.5 h1:q+Xf9XeYlIFA/ZbiWvIdXHc0zDmy7OSEmMKDcNNH/zY=
github.com/LNA-DEV/PrivateDocsy v0.0.5/go.mod h1:J0qA8OICk93LEWit1sCNp/kUEqv5fp9c1exMXJrqQGE=
github.com/LNA-DEV/PrivateDocsy v0.0.6 h1:E9lrYqXpcsD7vwtZQThgsDwpB4rSS47eFuegXIR5/vs=
github.com/LNA-DEV/PrivateDocsy v0.0.6/go.mod h1:J0qA8OICk93LEWit1sCNp/kUEqv5fp9c1exMXJrqQGE=
github.com/LNA-DEV/PrivateDocsy v0.0.7 h1:+RoP4g1GOD90u9HKc8I5mt791j9UPM8+wengyySi3kg=
github.com/LNA-DEV/PrivateDocsy v0.0.7/go.mod h1:J0qA8OICk93LEWit1sCNp/kUEqv5fp9c1exMXJrqQGE=
github.com/LNA-DEV/PrivateDocsy v0.0.8 h1:D/GY0K1r4hLz1aK2ih+3hTxfozTGppWxJO1woOEXQOU=
github.com/LNA-DEV/PrivateDocsy v0.0.8/go.mod h1:J0qA8OICk93LEWit1sCNp/kUEqv5fp9c1exMXJrqQGE=
github.com/LNA-DEV/PrivateDocsy v0.0.10 h1:PB+7Q97a/V57VQs3y/J9N95BPXlNg99WE7VrKzRUJp0=
github.com/LNA-DEV/PrivateDocsy v0.0.10/go.mod h1:J0qA8OICk93LEWit1sCNp/kUEqv5fp9c1exMXJrqQGE=
github.com/LNA-DEV/PrivateDocsy v0.0.11 h1:NnUt8nLoqdUcj8yR4qmLLNWzgLG4t9KveClln6QXOmM=
github.com/LNA-DEV/PrivateDocsy v0.0.11/go.mod h1:J0qA8OICk93LEWit1sCNp/kUEqv5fp9c1exMXJrqQGE=
github.com/LNA-DEV/PrivateDocsy v0.0.12 h1:ucYwyl+Q98rYD0CJjIC8y03gJF+lsCYaRbA7OphUkd4=
github.com/LNA-DEV/PrivateDocsy v0.0.12/go.mod h1:J0qA8OICk93LEWit1sCNp/kUEqv5fp9c1exMXJrqQGE=
github.com/LNA-DEV/PrivateDocsy v0.0.13 h1:wMYMR8rohdzJE9qJ7zeSUgqrE5U+j9lWBEeGEON6In0=
github.com/LNA-DEV/PrivateDocsy v0.0.13/go.mod h1:J0qA8OICk93LEWit1sCNp/kUEqv5fp9c1exMXJrqQGE=
github.com/google/docsy v0.4.0 h1:Eyt2aiDC1fnw/Qq/9xnIqUU5n5Yyk4c8gX3nBDdTv/4=
github.com/google/docsy v0.4.0/go.mod h1:vJjGkHNaw9bO42gpFTWwAUzHZWZEVlK46Kx7ikY5c7Y=
github.com/google/docsy v0.6.0 h1:43bVF18t2JihAamelQjjGzx1vO2ljCilVrBgetCA8oI=
github.com/google/docsy v0.6.0/go.mod h1:VKKLqD8PQ7AglJc98yBorATfW7GrNVsn0kGXVYF6G+M=
github.com/google/docsy/dependencies v0.4.0/go.mod h1:2zZxHF+2qvkyXhLZtsbnqMotxMukJXLaf8fAZER48oo=
github.com/google/docsy/dependencies v0.5.1/go.mod h1:EDGc2znMbGUw0RW5kWwy2oGgLt0iVXBmoq4UOqstuNE=
github.com/google/docsy/dependencies v0.6.0/go.mod h1:EDGc2znMbGUw0RW5kWwy2oGgLt0iVXBmoq4UOqstuNE=
github.com/twbs/bootstrap v4.6.1+incompatible h1:75PsBfPU1SS65ag0Z3Cq6JNXVAfUNfB0oCLHh9k9Fu8=
github.com/twbs/bootstrap v4.6.1+incompatible/go.mod h1:fZTSrkpSf0/HkL0IIJzvVspTt1r9zuf7XlZau8kpcY0=
github.com/twbs/bootstrap v4.6.2+incompatible/go.mod h1:fZTSrkpSf0/HkL0IIJzvVspTt1r9zuf7XlZau8kpcY0=
